
Microsoft Visual Studio Solution File, Format Version 12.00
# Visual Studio 2012
Project("{FAE04EC0-301F-11D3-BF4B-00C04F79EFBC}") = "MvcApplicationDZ220614", "MvcApplicationDZ220614\MvcApplicationDZ220614.csproj", "{9B6BEB4D-F3EE-4C2A-911A-2AC21C5B9652}"
EndProject
Global
	GlobalSection(SolutionConfigurationPlatforms) = preSolution
		Debug|Any CPU = Debug|Any CPU
		Release|Any CPU = Release|Any CPU
	EndGlobalSection
	GlobalSection(ProjectConfigurationPlatforms) = postSolution
		{9B6BEB4D-F3EE-4C2A-911A-2AC21C5B9652}.Debug|Any CPU.ActiveCfg = Debug|Any CPU
		{9B6BEB4D-F3EE-4C2A-911A-2AC21C5B9652}.Debug|Any CPU.Build.0 = Debug|Any CPU
		{9B6BEB4D-F3EE-4C2A-911A-2AC21C5B9652}.Release|Any CPU.ActiveCfg = Release|Any CPU
		{9B6BEB4D-F3EE-4C2A-911A-2AC21C5B9652}.Release|Any CPU.Build.0 = Release|Any CPU
	EndGlobalSection
	GlobalSection(SolutionProperties) = preSolution
		HideSolutionNode = FALSE
	EndGlobalSection
EndGlobal
